
Microsoft Visual Studio Solution File, Format Version 12.00
# Visual Studio Version 16
VisualStudioVersion = 16.0.30907.101
MinimumVisualStudioVersion = 10.0.40219.1
Project("{FAE04EC0-301F-11D3-BF4B-00C04F79EFBC}") = "[2022][ExMAP]TepesAlexandru[1]", "[2022][ExMAP]TepesAlexandru[1].csproj", "{46534F76-B67F-4557-A488-751960F2E47C}"
EndProject
Global
	GlobalSection(SolutionConfigurationPlatforms) = preSolution
		Debug|Any CPU = Debug|Any CPU
		Release|Any CPU = Release|Any CPU
	EndGlobalSection
	GlobalSection(ProjectConfigurationPlatforms) = postSolution
		{46534F76-B67F-4557-A488-751960F2E47C}.Debug|Any CPU.ActiveCfg = Debug|Any CPU
		{46534F76-B67F-4557-A488-751960F2E47C}.Debug|Any CPU.Build.0 = Debug|Any CPU
		{46534F76-B67F-4557-A488-751960F2E47C}.Release|Any CPU.ActiveCfg = Release|Any CPU
		{46534F76-B67F-4557-A488-751960F2E47C}.Release|Any CPU.Build.0 = Release|Any CPU
	EndGlobalSection
	GlobalSection(SolutionProperties) = preSolution
		HideSolutionNode = FALSE
	EndGlobalSection
	GlobalSection(ExtensibilityGlobals) = postSolution
		SolutionGuid = {53137B13-AFAE-4D4C-832C-497877443EA0}
	EndGlobalSection
EndGlobal
